
Microsoft Visual Studio Solution File, Format Version 12.00
# Visual Studio Version 17
VisualStudioVersion = 17.4.33205.214
MinimumVisualStudioVersion = 10.0.40219.1
Project("{FAE04EC0-301F-11D3-BF4B-00C04F79EFBC}") = "sk-news-batch", "sk-news-batch\sk-news-batch.csproj", "{C4DD8328-DA0F-463F-A374-BFEBD8B5BBDB}"
EndProject
Project("{FAE04EC0-301F-11D3-BF4B-00C04F79EFBC}") = "sk-news-batch-tests", "sk-news-batch-tests\sk-news-batch-tests.csproj", "{6ECDC166-0A47-4103-B08E-28AE65095A88}"
EndProject
Global
	GlobalSection(SolutionConfigurationPlatforms) = preSolution
		Debug|Any CPU = Debug|Any CPU
		Release|Any CPU = Release|Any CPU
	EndGlobalSection
	GlobalSection(ProjectConfigurationPlatforms) = postSolution
		{C4DD8328-DA0F-463F-A374-BFEBD8B5BBDB}.Debug|Any CPU.ActiveCfg = Debug|Any CPU
		{C4DD8328-DA0F-463F-A374-BFEBD8B5BBDB}.Debug|Any CPU.Build.0 = Debug|Any CPU
		{C4DD8328-DA0F-463F-A374-BFEBD8B5BBDB}.Release|Any CPU.ActiveCfg = Release|Any CPU
		{C4DD8328-DA0F-463F-A374-BFEBD8B5BBDB}.Release|Any CPU.Build.0 = Release|Any CPU
		{6ECDC166-0A47-4103-B08E-28AE65095A88}.Debug|Any CPU.ActiveCfg = Debug|Any CPU
		{6ECDC166-0A47-4103-B08E-28AE65095A88}.Debug|Any CPU.Build.0 = Debug|Any CPU
		{6ECDC166-0A47-4103-B08E-28AE65095A88}.Release|Any CPU.ActiveCfg = Release|Any CPU
		{6ECDC166-0A47-4103-B08E-28AE65095A88}.Release|Any CPU.Build.0 = Release|Any CPU
	EndGlobalSection
	GlobalSection(SolutionProperties) = preSolution
		HideSolutionNode = FALSE
	EndGlobalSection
	GlobalSection(ExtensibilityGlobals) = postSolution
		SolutionGuid = {4AA6A2C4-F2FE-4CAD-BA0F-6C1342E40CA8}
	EndGlobalSection
EndGlobal
